// !$*UTF8*$!
{
	archiveVersion = 1;
	classes = {
	};
	objectVersion = 77;
	objects = {

/* Begin PBXBuildFile section */
		3EC7078EA1D50050DE7DF527 /* Placeholder.swift in Sources */ = {isa = PBXBuildFile; fileRef = 6C18D570CB41C9926B83A7A2 /* Placeholder.swift */; };
		63F044B5ED81DDCE7D5355C9 /* AccountaBallApp.swift in Sources */ = {isa = PBXBuildFile; fileRef = A79B428F122710B957F2E6C5 /* AccountaBallApp.swift */; };
/* End PBXBuildFile section */

/* Begin PBXContainerItemProxy section */
		EF60DC935B68BE899B1F23B7 /* PBXContainerItemProxy */ = {
			isa = PBXContainerItemProxy;
			containerPortal = 8B489660B831E1D2649BCEC7 /* Project object */;
			proxyType = 1;
			remoteGlobalIDString = CDB9C8961BCE22BF5DF6B829;
			remoteInfo = AccountaBall;
		};
/* End PBXContainerItemProxy section */

/* Begin PBXFileReference section */
		426BFE64FA0A589FBAB3F78A /* AccountaBall.app */ = {isa = PBXFileReference; explicitFileType = wrapper.application; includeInIndex = 0; path = AccountaBall.app; sourceTree = BUILT_PRODUCTS_DIR; };
		6C18D570CB41C9926B83A7A2 /* Placeholder.swift */ = {isa = PBXFileReference; lastKnownFileType = sourcecode.swift; path = Placeholder.swift; sourceTree = "<group>"; };
		A79B428F122710B957F2E6C5 /* AccountaBallApp.swift */ = {isa = PBXFileReference; lastKnownFileType = sourcecode.swift; path = AccountaBallApp.swift; sourceTree = "<group>"; };
		D5AB8A9FE982DB10C447C6CE /* AccountaBallTests.xctest */ = {isa = PBXFileReference; explicitFileType = wrapper.cfbundle; includeInIndex = 0; path = AccountaBallTests.xctest; sourceTree = BUILT_PRODUCTS_DIR; };
/* End PBXFileReference section */

/* Begin PBXGroup section */
		A0FB73F2C507B3F36390C89E = {
			isa = PBXGroup;
			children = (
				F4023F1B4A6DFC40036BF02A /* AccountaBall */,
				B93DDB12500ED3A0895E8AAB /* AccountaBallTests */,
				E8031B78AD5533326464F862 /* Products */,
			);
			sourceTree = "<group>";
		};
		B93DDB12500ED3A0895E8AAB /* AccountaBallTests */ = {
			isa = PBXGroup;
			children = (
				6C18D570CB41C9926B83A7A2 /* Placeholder.swift */,
			);
			path = AccountaBallTests;
			sourceTree = "<group>";
		};
		E8031B78AD5533326464F862 /* Products */ = {
			isa = PBXGroup;
			children = (
				426BFE64FA0A589FBAB3F78A /* AccountaBall.app */,
				D5AB8A9FE982DB10C447C6CE /* AccountaBallTests.xctest */,
			);
			name = Products;
			sourceTree = "<group>";
		};
		F4023F1B4A6DFC40036BF02A /* AccountaBall */ = {
			isa = PBXGroup;
			children = (
				A79B428F122710B957F2E6C5 /* AccountaBallApp.swift */,
			);
			path = AccountaBall;
			sourceTree = "<group>";
		};
/* End PBXGroup section */

/* Begin PBXNativeTarget section */
		CDB9C8961BCE22BF5DF6B829 /* AccountaBall */ = {
			isa = PBXNativeTarget;
			buildConfigurationList = 08CD6C2DC3686D8FC1E91F95 /* Build configuration list for PBXNativeTarget "AccountaBall" */;
			buildPhases = (
				2D37453FF444A1B25E766E93 /* Sources */,
			);
			buildRules = (
			);
			dependencies = (
			);
			name = AccountaBall;
			packageProductDependencies = (
			);
			productName = AccountaBall;
			productReference = 426BFE64FA0A589FBAB3F78A /* AccountaBall.app */;
			productType = "com.apple.product-type.application";
		};
		F8B7223A817A9F869EDF8B46 /* AccountaBallTests */ = {
			isa = PBXNativeTarget;
			buildConfigurationList = 9355BDC9949F3E6B5D7D0F9C /* Build configuration list for PBXNativeTarget "AccountaBallTests" */;
			buildPhases = (
				9F8DC95134FC5EC83B1C49CE /* Sources */,
			);
			buildRules = (
			);
			dependencies = (
				2B52B3C4B46B6CBDE1701313 /* PBXTargetDependency */,
			);
			name = AccountaBallTests;
			packageProductDependencies = (
			);
			productName = AccountaBallTests;
			productReference = D5AB8A9FE982DB10C447C6CE /* AccountaBallTests.xctest */;
			productType = "com.apple.product-type.bundle.unit-test";
		};
/* End PBXNativeTarget section */

/* Begin PBXProject section */
		8B489660B831E1D2649BCEC7 /* Project object */ = {
			isa = PBXProject;
			attributes = {
				BuildIndependentTargetsInParallel = YES;
				LastUpgradeCheck = 1500;
				TargetAttributes = {
				};
			};
			buildConfigurationList = A8EE35D77992F953AAED0CFD /* Build configuration list for PBXProject "AccountaBall" */;
			developmentRegion = en;
			hasScannedForEncodings = 0;
			knownRegions = (
				Base,
				en,
			);
			mainGroup = A0FB73F2C507B3F36390C89E;
			minimizedProjectReferenceProxies = 1;
			preferredProjectObjectVersion = 77;
			productRefGroup = E8031B78AD5533326464F862 /* Products */;
			projectDirPath = "";
			projectRoot = "";
			targets = (
				CDB9C8961BCE22BF5DF6B829 /* AccountaBall */,
				F8B7223A817A9F869EDF8B46 /* AccountaBallTests */,
			);
		};
/* End PBXProject section */

/* Begin PBXSourcesBuildPhase section */
		2D37453FF444A1B25E766E93 /* Sources */ = {
			isa = PBXSourcesBuildPhase;
			buildActionMask = 2147483647;
			files = (
				63F044B5ED81DDCE7D5355C9 /* AccountaBallApp.swift in Sources */,
			);
			runOnlyForDeploymentPostprocessing = 0;
		};
		9F8DC95134FC5EC83B1C49CE /* Sources */ = {
			isa = PBXSourcesBuildPhase;
			buildActionMask = 2147483647;
			files = (
				3EC7078EA1D50050DE7DF527 /* Placeholder.swift in Sources */,
			);
			runOnlyForDeploymentPostprocessing = 0;
		};
/* End PBXSourcesBuildPhase section */

/* Begin PBXTargetDependency section */
		2B52B3C4B46B6CBDE1701313 /* PBXTargetDependency */ = {
			isa = PBXTargetDependency;
			target = CDB9C8961BCE22BF5DF6B829 /* AccountaBall */;
			targetProxy = EF60DC935B68BE899B1F23B7 /* PBXContainerItemProxy */;
		};
/* End PBXTargetDependency section */

/* Begin XCBuildConfiguration section */
		250C33BA3E94CA4B8273CF90 /* Debug */ = {
			isa = XCBuildConfiguration;
			buildSettings = {
				ALWAYS_SEARCH_USER_PATHS = NO;
				CLANG_ANALYZER_NONNULL = YES;
				CLANG_ANALYZER_NUMBER_OBJECT_CONVERSION = YES_AGGRESSIVE;
				CLANG_CXX_LANGUAGE_STANDARD = "gnu++14";
				CLANG_CXX_LIBRARY = "libc++";
				CLANG_ENABLE_MODULES = YES;
				CLANG_ENABLE_OBJC_ARC = YES;
				CLANG_ENABLE_OBJC_WEAK = YES;
				CLANG_WARN_BLOCK_CAPTURE_AUTORELEASING = YES;
				CLANG_WARN_BOOL_CONVERSION = YES;
				CLANG_WARN_COMMA = YES;
				CLANG_WARN_CONSTANT_CONVERSION = YES;
				CLANG_WARN_DEPRECATED_OBJC_IMPLEMENTATIONS = YES;
				CLANG_WARN_DIRECT_OBJC_ISA_USAGE = YES_ERROR;
				CLANG_WARN_DOCUMENTATION_COMMENTS = YES;
				CLANG_WARN_EMPTY_BODY = YES;
				CLANG_WARN_ENUM_CONVERSION = YES;
				CLANG_WARN_INFINITE_RECURSION = YES;
				CLANG_WARN_INT_CONVERSION = YES;
				CLANG_WARN_NON_LITERAL_NULL_CONVERSION = YES;
				CLANG_WARN_OBJC_IMPLICIT_RETAIN_SELF = YES;
				CLANG_WARN_OBJC_LITERAL_CONVERSION = YES;
				CLANG_WARN_OBJC_ROOT_CLASS = YES_ERROR;
				CLANG_WARN_QUOTED_INCLUDE_IN_FRAMEWORK_HEADER = YES;
				CLANG_WARN_RANGE_LOOP_ANALYSIS = YES;
				CLANG_WARN_STRICT_PROTOTYPES = YES;
				CLANG_WARN_SUSPICIOUS_MOVE = YES;
				CLANG_WARN_UNGUARDED_AVAILABILITY = YES_AGGRESSIVE;
				CLANG_WARN_UNREACHABLE_CODE = YES;
				CLANG_WARN__DUPLICATE_METHOD_MATCH = YES;
				COPY_PHASE_STRIP = NO;
				DEBUG_INFORMATION_FORMAT = dwarf;
				ENABLE_STRICT_OBJC_MSGSEND = YES;
				ENABLE_TESTABILITY = YES;
				GCC_C_LANGUAGE_STANDARD = gnu11;
				GCC_DYNAMIC_NO_PIC = NO;
				GCC_NO_COMMON_BLOCKS = YES;
				GCC_OPTIMIZATION_LEVEL = 0;
				GCC_PREPROCESSOR_DEFINITIONS = (
					"$(inherited)",
					"DEBUG=1",
				);
				GCC_WARN_64_TO_32_BIT_CONVERSION = YES;
				GCC_WARN_ABOUT_RETURN_TYPE = YES_ERROR;
				GCC_WARN_UNDECLARED_SELECTOR = YES;
				GCC_WARN_UNINITIALIZED_AUTOS = YES_AGGRESSIVE;
				GCC_WARN_UNUSED_FUNCTION = YES;
				GCC_WARN_UNUSED_VARIABLE = YES;
				MACOSX_DEPLOYMENT_TARGET = 14.0;
				MTL_ENABLE_DEBUG_INFO = INCLUDE_SOURCE;
				MTL_FAST_MATH = YES;
				ONLY_ACTIVE_ARCH = YES;
				PRODUCT_NAME = "$(TARGET_NAME)";
				SDKROOT = macosx;
				SWIFT_ACTIVE_COMPILATION_CONDITIONS = DEBUG;
				SWIFT_OPTIMIZATION_LEVEL = "-Onone";
				SWIFT_VERSION = 5.9;
			};
			name = Debug;
		};
		5EF86B21C6C513A45C41FF90 /* Debug */ = {
			isa = XCBuildConfiguration;
			buildSettings = {
				ASSETCATALOG_COMPILER_APPICON_NAME = AppIcon;
				CODE_SIGN_ENTITLEMENTS = AccountaBall/AccountaBall.entitlements;
				COMBINE_HIDPI_IMAGES = YES;
				GENERATE_INFOPLIST_FILE = YES;
				INFOPLIST_FILE = AccountaBall/Info.plist;
				INFOPLIST_KEY_NSScreenCaptureUsageDescription = "AccountaBall reads your screen to check if you're on task.";
				INFOPLIST_KEY_NSUserNotificationsUsageDescription = "AccountaBall sends nudges when you drift off task.";
				LD_RUNPATH_SEARCH_PATHS = (
					"$(inherited)",
					"@executable_path/../Frameworks",
				);
				MACOSX_DEPLOYMENT_TARGET = 14.0;
				PRODUCT_BUNDLE_IDENTIFIER = com.jerico.AccountaBall;
				SDKROOT = macosx;
				SWIFT_EMIT_LOC_STRINGS = YES;
			};
			name = Debug;
		};
		8B21F670D9D97C0260BEA0D1 /* Release */ = {
			isa = XCBuildConfiguration;
			buildSettings = {
				BUNDLE_LOADER = "$(TEST_HOST)";
				COMBINE_HIDPI_IMAGES = YES;
				LD_RUNPATH_SEARCH_PATHS = (
					"$(inherited)",
					"@executable_path/../Frameworks",
					"@loader_path/../Frameworks",
				);
				MACOSX_DEPLOYMENT_TARGET = 14.0;
				PRODUCT_BUNDLE_IDENTIFIER = com.jerico.AccountaBallTests;
				SDKROOT = macosx;
				TEST_HOST = "$(BUILT_PRODUCTS_DIR)/AccountaBall.app/Contents/MacOS/AccountaBall";
			};
			name = Release;
		};
		A49DC96EFC63623EEBC8F396 /* Release */ = {
			isa = XCBuildConfiguration;
			buildSettings = {
				ALWAYS_SEARCH_USER_PATHS = NO;
				CLANG_ANALYZER_NONNULL = YES;
				CLANG_ANALYZER_NUMBER_OBJECT_CONVERSION = YES_AGGRESSIVE;
				CLANG_CXX_LANGUAGE_STANDARD = "gnu++14";
				CLANG_CXX_LIBRARY = "libc++";
				CLANG_ENABLE_MODULES = YES;
				CLANG_ENABLE_OBJC_ARC = YES;
				CLANG_ENABLE_OBJC_WEAK = YES;
				CLANG_WARN_BLOCK_CAPTURE_AUTORELEASING = YES;
				CLANG_WARN_BOOL_CONVERSION = YES;
				CLANG_WARN_COMMA = YES;
				CLANG_WARN_CONSTANT_CONVERSION = YES;
				CLANG_WARN_DEPRECATED_OBJC_IMPLEMENTATIONS = YES;
				CLANG_WARN_DIRECT_OBJC_ISA_USAGE = YES_ERROR;
				CLANG_WARN_DOCUMENTATION_COMMENTS = YES;
				CLANG_WARN_EMPTY_BODY = YES;
				CLANG_WARN_ENUM_CONVERSION = YES;
				CLANG_WARN_INFINITE_RECURSION = YES;
				CLANG_WARN_INT_CONVERSION = YES;
				CLANG_WARN_NON_LITERAL_NULL_CONVERSION = YES;
				CLANG_WARN_OBJC_IMPLICIT_RETAIN_SELF = YES;
				CLANG_WARN_OBJC_LITERAL_CONVERSION = YES;
				CLANG_WARN_OBJC_ROOT_CLASS = YES_ERROR;
				CLANG_WARN_QUOTED_INCLUDE_IN_FRAMEWORK_HEADER = YES;
				CLANG_WARN_RANGE_LOOP_ANALYSIS = YES;
				CLANG_WARN_STRICT_PROTOTYPES = YES;
				CLANG_WARN_SUSPICIOUS_MOVE = YES;
				CLANG_WARN_UNGUARDED_AVAILABILITY = YES_AGGRESSIVE;
				CLANG_WARN_UNREACHABLE_CODE = YES;
				CLANG_WARN__DUPLICATE_METHOD_MATCH = YES;
				COPY_PHASE_STRIP = NO;
				DEBUG_INFORMATION_FORMAT = "dwarf-with-dsym";
				ENABLE_NS_ASSERTIONS = NO;
				ENABLE_STRICT_OBJC_MSGSEND = YES;
				GCC_C_LANGUAGE_STANDARD = gnu11;
				GCC_NO_COMMON_BLOCKS = YES;
				GCC_WARN_64_TO_32_BIT_CONVERSION = YES;
				GCC_WARN_ABOUT_RETURN_TYPE = YES_ERROR;
				GCC_WARN_UNDECLARED_SELECTOR = YES;
				GCC_WARN_UNINITIALIZED_AUTOS = YES_AGGRESSIVE;
				GCC_WARN_UNUSED_FUNCTION = YES;
				GCC_WARN_UNUSED_VARIABLE = YES;
				MACOSX_DEPLOYMENT_TARGET = 14.0;
				MTL_ENABLE_DEBUG_INFO = NO;
				MTL_FAST_MATH = YES;
				PRODUCT_NAME = "$(TARGET_NAME)";
				SDKROOT = macosx;
				SWIFT_COMPILATION_MODE = wholemodule;
				SWIFT_OPTIMIZATION_LEVEL = "-O";
				SWIFT_VERSION = 5.9;
			};
			name = Release;
		};
		CCE4A904582D6E8DBB406203 /* Release */ = {
			isa = XCBuildConfiguration;
			buildSettings = {
				ASSETCATALOG_COMPILER_APPICON_NAME = AppIcon;
				CODE_SIGN_ENTITLEMENTS = AccountaBall/AccountaBall.entitlements;
				COMBINE_HIDPI_IMAGES = YES;
				GENERATE_INFOPLIST_FILE = YES;
				INFOPLIST_FILE = AccountaBall/Info.plist;
				INFOPLIST_KEY_NSScreenCaptureUsageDescription = "AccountaBall reads your screen to check if you're on task.";
				INFOPLIST_KEY_NSUserNotificationsUsageDescription = "AccountaBall sends nudges when you drift off task.";
				LD_RUNPATH_SEARCH_PATHS = (
					"$(inherited)",
					"@executable_path/../Frameworks",
				);
				MACOSX_DEPLOYMENT_TARGET = 14.0;
				PRODUCT_BUNDLE_IDENTIFIER = com.jerico.AccountaBall;
				SDKROOT = macosx;
				SWIFT_EMIT_LOC_STRINGS = YES;
			};
			name = Release;
		};
		F9F87299E776AC237032FF00 /* Debug */ = {
			isa = XCBuildConfiguration;
			buildSettings = {
				BUNDLE_LOADER = "$(TEST_HOST)";
				COMBINE_HIDPI_IMAGES = YES;
				LD_RUNPATH_SEARCH_PATHS = (
					"$(inherited)",
					"@executable_path/../Frameworks",
					"@loader_path/../Frameworks",
				);
				MACOSX_DEPLOYMENT_TARGET = 14.0;
				PRODUCT_BUNDLE_IDENTIFIER = com.jerico.AccountaBallTests;
				SDKROOT = macosx;
				TEST_HOST = "$(BUILT_PRODUCTS_DIR)/AccountaBall.app/Contents/MacOS/AccountaBall";
			};
			name = Debug;
		};
/* End XCBuildConfiguration section */

/* Begin XCConfigurationList section */
		08CD6C2DC3686D8FC1E91F95 /* Build configuration list for PBXNativeTarget "AccountaBall" */ = {
			isa = XCConfigurationList;
			buildConfigurations = (
				5EF86B21C6C513A45C41FF90 /* Debug */,
				CCE4A904582D6E8DBB406203 /* Release */,
			);
			defaultConfigurationIsVisible = 0;
			defaultConfigurationName = Debug;
		};
		9355BDC9949F3E6B5D7D0F9C /* Build configuration list for PBXNativeTarget "AccountaBallTests" */ = {
			isa = XCConfigurationList;
			buildConfigurations = (
				F9F87299E776AC237032FF00 /* Debug */,
				8B21F670D9D97C0260BEA0D1 /* Release */,
			);
			defaultConfigurationIsVisible = 0;
			defaultConfigurationName = Debug;
		};
		A8EE35D77992F953AAED0CFD /* Build configuration list for PBXProject "AccountaBall" */ = {
			isa = XCConfigurationList;
			buildConfigurations = (
				250C33BA3E94CA4B8273CF90 /* Debug */,
				A49DC96EFC63623EEBC8F396 /* Release */,
			);
			defaultConfigurationIsVisible = 0;
			defaultConfigurationName = Debug;
		};
/* End XCConfigurationList section */
	};
	rootObject = 8B489660B831E1D2649BCEC7 /* Project object */;
}
